
Microsoft Visual Studio Solution File, Format Version 12.00
Project("{FAE04EC0-301F-11D3-BF4B-00C04F79EFBC}") = "SubscriptionService.API", "SubscriptionService.API\SubscriptionService.API.csproj", "{C0C34FA5-D1A8-4D10-ABC0-9447850BC9C1}"
EndProject
Project("{FAE04EC0-301F-11D3-BF4B-00C04F79EFBC}") = "SubscriptionService.Domain", "SubscriptionService.Domain\SubscriptionService.Domain.csproj", "{3F110739-E4E3-41D7-8E99-9652BBF84E2D}"
EndProject
Project("{2150E333-8FDC-42A3-9474-1A3956D46DE8}") = "src", "src", "{722E400A-10B5-472A-923E-C9F3676E0921}"
EndProject
Project("{2150E333-8FDC-42A3-9474-1A3956D46DE8}") = "test", "test", "{11D1342A-D8B2-44D3-A049-603E494C4C7E}"
EndProject
Project("{FAE04EC0-301F-11D3-BF4B-00C04F79EFBC}") = "SubscriptionService.Infrastructure", "SubscriptionService.Infrastructure\SubscriptionService.Infrastructure.csproj", "{2F9CF49B-5C5B-4637-A694-14E3ED2E4869}"
EndProject
Project("{FAE04EC0-301F-11D3-BF4B-00C04F79EFBC}") = "SubscriptionService.Application", "SubscriptionService.Application\SubscriptionService.Application.csproj", "{3DAA338C-E713-42F6-8DDF-3B47EDC24503}"
EndProject
Project("{FAE04EC0-301F-11D3-BF4B-00C04F79EFBC}") = "UnitTests", "UnitTests\UnitTests.csproj", "{35198C17-DEA5-49D9-8A8A-E13C406E4B74}"
EndProject
Global
	GlobalSection(SolutionConfigurationPlatforms) = preSolution
		Debug|Any CPU = Debug|Any CPU
		Release|Any CPU = Release|Any CPU
	EndGlobalSection
	GlobalSection(ProjectConfigurationPlatforms) = postSolution
		{C0C34FA5-D1A8-4D10-ABC0-9447850BC9C1}.Debug|Any CPU.ActiveCfg = Debug|Any CPU
		{C0C34FA5-D1A8-4D10-ABC0-9447850BC9C1}.Debug|Any CPU.Build.0 = Debug|Any CPU
		{C0C34FA5-D1A8-4D10-ABC0-9447850BC9C1}.Release|Any CPU.ActiveCfg = Release|Any CPU
		{C0C34FA5-D1A8-4D10-ABC0-9447850BC9C1}.Release|Any CPU.Build.0 = Release|Any CPU
		{3F110739-E4E3-41D7-8E99-9652BBF84E2D}.Debug|Any CPU.ActiveCfg = Debug|Any CPU
		{3F110739-E4E3-41D7-8E99-9652BBF84E2D}.Debug|Any CPU.Build.0 = Debug|Any CPU
		{3F110739-E4E3-41D7-8E99-9652BBF84E2D}.Release|Any CPU.ActiveCfg = Release|Any CPU
		{3F110739-E4E3-41D7-8E99-9652BBF84E2D}.Release|Any CPU.Build.0 = Release|Any CPU
		{2F9CF49B-5C5B-4637-A694-14E3ED2E4869}.Debug|Any CPU.ActiveCfg = Debug|Any CPU
		{2F9CF49B-5C5B-4637-A694-14E3ED2E4869}.Debug|Any CPU.Build.0 = Debug|Any CPU
		{2F9CF49B-5C5B-4637-A694-14E3ED2E4869}.Release|Any CPU.ActiveCfg = Release|Any CPU
		{2F9CF49B-5C5B-4637-A694-14E3ED2E4869}.Release|Any CPU.Build.0 = Release|Any CPU
		{3DAA338C-E713-42F6-8DDF-3B47EDC24503}.Debug|Any CPU.ActiveCfg = Debug|Any CPU
		{3DAA338C-E713-42F6-8DDF-3B47EDC24503}.Debug|Any CPU.Build.0 = Debug|Any CPU
		{3DAA338C-E713-42F6-8DDF-3B47EDC24503}.Release|Any CPU.ActiveCfg = Release|Any CPU
		{3DAA338C-E713-42F6-8DDF-3B47EDC24503}.Release|Any CPU.Build.0 = Release|Any CPU
		{35198C17-DEA5-49D9-8A8A-E13C406E4B74}.Debug|Any CPU.ActiveCfg = Debug|Any CPU
		{35198C17-DEA5-49D9-8A8A-E13C406E4B74}.Debug|Any CPU.Build.0 = Debug|Any CPU
		{35198C17-DEA5-49D9-8A8A-E13C406E4B74}.Release|Any CPU.ActiveCfg = Release|Any CPU
		{35198C17-DEA5-49D9-8A8A-E13C406E4B74}.Release|Any CPU.Build.0 = Release|Any CPU
	EndGlobalSection
	GlobalSection(NestedProjects) = preSolution
		{C0C34FA5-D1A8-4D10-ABC0-9447850BC9C1} = {722E400A-10B5-472A-923E-C9F3676E0921}
		{3F110739-E4E3-41D7-8E99-9652BBF84E2D} = {722E400A-10B5-472A-923E-C9F3676E0921}
		{2F9CF49B-5C5B-4637-A694-14E3ED2E4869} = {722E400A-10B5-472A-923E-C9F3676E0921}
		{3DAA338C-E713-42F6-8DDF-3B47EDC24503} = {722E400A-10B5-472A-923E-C9F3676E0921}
		{35198C17-DEA5-49D9-8A8A-E13C406E4B74} = {11D1342A-D8B2-44D3-A049-603E494C4C7E}
	EndGlobalSection
EndGlobal
